{
  "projects": [
    {
      "projectId": "7N2vPaHjZjnPfzP3ngxwEk",
      "version": "0.0.1",
      "dependencies": {},
      "lang": "ts",
      "fileLocks": [
        {
          "assetId": "7N2vPaHjZjnPfzP3ngxwEk",
          "type": "projectCss",
          "checksum": "078b5be9aa4a8ea2a39b36c771c25aaa"
        },
        {
          "assetId": "7N2vPaHjZjnPfzP3ngxwEk",
          "checksum": "8bcb2677178b1576a58e9c920e418e86",
          "type": "globalContexts"
        }
      ],
      "codegenVersion": "0.0.1"
    },
    {
      "projectId": "brRX2cJiDM2zvnRXZCMxG7",
      "version": "0.0.1",
      "dependencies": {},
      "lang": "ts",
      "fileLocks": [
        {
          "assetId": "brRX2cJiDM2zvnRXZCMxG7",
          "type": "projectCss",
          "checksum": "e1ec850476829c38b0f9b6d4f7ac446a"
        },
        {
          "assetId": "brRX2cJiDM2zvnRXZCMxG7",
          "checksum": "95da65456a0067e590421f4e60e5f345",
          "type": "globalContexts"
        }
      ],
      "codegenVersion": "0.0.1"
    },
    {
      "projectId": "wknxcHEoVtCYtX2gWYSy5a",
      "version": "0.0.1",
      "dependencies": {},
      "lang": "ts",
      "fileLocks": [
        {
          "assetId": "wknxcHEoVtCYtX2gWYSy5a",
          "type": "projectCss",
          "checksum": "1b891cf9539f1db972dc4163ae1172e9"
        }
      ],
      "codegenVersion": "0.0.1"
    },
    {
      "projectId": "qAHxie4pG5fD4zBBMRe14U",
      "version": "latest",
      "dependencies": {
        "wknxcHEoVtCYtX2gWYSy5a": "0.0.1",
        "brRX2cJiDM2zvnRXZCMxG7": "0.0.1",
        "7N2vPaHjZjnPfzP3ngxwEk": "0.0.1"
      },
      "lang": "ts",
      "fileLocks": [
        {
          "type": "globalVariant",
          "assetId": "-zwVhSHYF8nk",
          "checksum": "f771afbd637fd0a8dab810bb85a2a71a"
        },
        {
          "assetId": "qAHxie4pG5fD4zBBMRe14U",
          "type": "projectCss",
          "checksum": "547e65a49f3bb92dabeace11697e6704"
        },
        {
          "assetId": "qAHxie4pG5fD4zBBMRe14U",
          "checksum": "21f1778c7304df11cf872b2d9467f8ee",
          "type": "globalContexts"
        },
        {
          "type": "renderModule",
          "assetId": "gQsQhUP-0Mr9",
          "checksum": "51d7bbf079658963c7a192d28f73e2c4"
        },
        {
          "type": "cssRules",
          "assetId": "gQsQhUP-0Mr9",
          "checksum": "51d7bbf079658963c7a192d28f73e2c4"
        },
        {
          "type": "renderModule",
          "assetId": "A1kRSkjb2t4z",
          "checksum": "a6e3aafd6066bd12a3d10bb375ae4f26"
        },
        {
          "type": "cssRules",
          "assetId": "A1kRSkjb2t4z",
          "checksum": "a6e3aafd6066bd12a3d10bb375ae4f26"
        },
        {
          "type": "renderModule",
          "assetId": "XdSsvWChsiRe",
          "checksum": "2001b1be18ad52c7c876b5e4ae69f34e"
        },
        {
          "type": "cssRules",
          "assetId": "XdSsvWChsiRe",
          "checksum": "2001b1be18ad52c7c876b5e4ae69f34e"
        },
        {
          "type": "renderModule",
          "assetId": "bWwYmGoxXW2h",
          "checksum": "62e2922442df8ca745242b9494af97d5"
        },
        {
          "type": "cssRules",
          "assetId": "bWwYmGoxXW2h",
          "checksum": "62e2922442df8ca745242b9494af97d5"
        },
        {
          "type": "renderModule",
          "assetId": "XX34VlCji-04",
          "checksum": "fcca6aaa8beadd6e33f0dd026a3d698c"
        },
        {
          "type": "cssRules",
          "assetId": "XX34VlCji-04",
          "checksum": "fcca6aaa8beadd6e33f0dd026a3d698c"
        },
        {
          "type": "renderModule",
          "assetId": "yDTPWQ0hQQYK",
          "checksum": "57a4aab7c5796444eaa40b1cc8f3ad85"
        },
        {
          "type": "cssRules",
          "assetId": "yDTPWQ0hQQYK",
          "checksum": "57a4aab7c5796444eaa40b1cc8f3ad85"
        },
        {
          "type": "icon",
          "assetId": "j06qeqk6oWDn",
          "checksum": "c5bfbe62a3177cf827a723baf95425aa"
        },
        {
          "type": "icon",
          "assetId": "hVI2XvnBm3K3",
          "checksum": "b07807165b67020faa744096a78c35dc"
        },
        {
          "type": "icon",
          "assetId": "r4meCPR77qct",
          "checksum": "868ebba2663617ad449fe094e56c7ccc"
        },
        {
          "type": "icon",
          "assetId": "3Rx63vMHiinS",
          "checksum": "c845e6c195a9d072514a40867e660765"
        },
        {
          "type": "icon",
          "assetId": "xn1zIKj1gqjh",
          "checksum": "b021c61ba28fe0b4adca13a4d64eee4c"
        },
        {
          "type": "icon",
          "assetId": "76uGO753wIPn",
          "checksum": "b0b669e98a29b75c3c10f56c400e54ae"
        },
        {
          "type": "icon",
          "assetId": "8dz3Z8q7DeJr",
          "checksum": "ef3401d06acef4d9ff41911cec6433c1"
        },
        {
          "type": "icon",
          "assetId": "KgBxeV434XAj",
          "checksum": "65b8dba705073267f661b4cbc94f1bcc"
        },
        {
          "type": "icon",
          "assetId": "-iJAGOVVVZ4L",
          "checksum": "2a1f4c6e20387282959b5532790044a6"
        },
        {
          "type": "icon",
          "assetId": "ZvPDMgcKYxuI",
          "checksum": "7aa867e90b0098b9cd76ab91b631381b"
        },
        {
          "type": "icon",
          "assetId": "8JXMTNyOhaGF",
          "checksum": "64eb91daeb9e1f54203d1b7fbc54260e"
        },
        {
          "type": "image",
          "assetId": "kfmdJ4TEGFOn",
          "checksum": "b23dadade5bfb5d266fbf6feb67b07ac"
        },
        {
          "type": "image",
          "assetId": "pd-9tt-0VJwI",
          "checksum": "fc2b50571b7fc7693e15da86d074acee"
        },
        {
          "type": "image",
          "assetId": "x0c4ghVNReMq",
          "checksum": "96e2ed8062520d3131d5c0a1d611ff51"
        },
        {
          "type": "image",
          "assetId": "CaQxkXTAlvg_",
          "checksum": "1cfcb15c3784a3720436d1469097e796"
        },
        {
          "type": "image",
          "assetId": "VIvmM-hsvZYE",
          "checksum": "a32c6ec23810d0d8a18fef63e98c0209"
        },
        {
          "type": "image",
          "assetId": "kPvJNnUhncL2",
          "checksum": "0e2beb632178d54933e86270921695b0"
        },
        {
          "type": "image",
          "assetId": "8c7ETqVRFaDu",
          "checksum": "c99460f2c6f3b811125c30f854c6c221"
        },
        {
          "type": "image",
          "assetId": "ga66LAfvsgf2",
          "checksum": "43856d3472374db66e618f30f5724b0c"
        },
        {
          "type": "image",
          "assetId": "KX84UnZt4XZ6",
          "checksum": "38f61ffe5067ea14972e5b58243e3bfc"
        },
        {
          "type": "image",
          "assetId": "IvKj3djUXFV9",
          "checksum": "1ed6a706b0448c322527d1755439b29b"
        },
        {
          "type": "image",
          "assetId": "KIve1kT6FS8R",
          "checksum": "136ea52e101233a8d1729d85c288df28"
        },
        {
          "type": "image",
          "assetId": "EMj-IR8_dqwT",
          "checksum": "1622e4e1faf8758d7a546f168cce27fa"
        },
        {
          "type": "image",
          "assetId": "xqzOb2pbAW3-",
          "checksum": "bb536f79e74c9d099abd7dd5c0699acd"
        },
        {
          "type": "image",
          "assetId": "ggow2v5Okx4j",
          "checksum": "2a9f58d735e234408e5dc043adfff29a"
        },
        {
          "type": "image",
          "assetId": "JRMh5ZgnuL7u",
          "checksum": "a88cfff8c55acdda7a4ffbc3a39fb585"
        },
        {
          "type": "image",
          "assetId": "2YX2v2UdYXP8",
          "checksum": "0763c92a9d81905159dbdb9863875993"
        },
        {
          "type": "image",
          "assetId": "VeMX9meWalFh",
          "checksum": "50a45985c5e0e66455706eb55477f6d0"
        },
        {
          "type": "image",
          "assetId": "6OIxE9fabLBA",
          "checksum": "bf1c82579e5d7586198d16f1d5624402"
        },
        {
          "type": "image",
          "assetId": "IaSZQkBYsiSV",
          "checksum": "69f68b7ae14493e88807e2db4fe99f4e"
        },
        {
          "type": "image",
          "assetId": "kFaagvRqYVe1",
          "checksum": "c2845ba1f9c01f06bee8245e3744cb80"
        },
        {
          "type": "image",
          "assetId": "xXrsIq88IMRT",
          "checksum": "50f7aa01b9d418197c1cd32ef4db8520"
        }
      ],
      "codegenVersion": "0.0.1"
    }
  ],
  "cliVersion": "0.1.330"
}
